{
  "name": "welm-project",
  "version": "1.0.0",
  "lockfileVersion": 3,
  "requires": true,
  "packages": {
    "": {
      "name": "welm-project",
      "version": "1.0.0",
      "license": "ISC",
      "dependencies": {
        "basic-ftp": "^6.2.1",
        "undici": "^8.10.2"
      }
    },
    "node_modules/basic-ftp": {
      "version": "6.2.1",
      "resolved": "https://registry.npmjs.org/basic-ftp/-/basic-ftp-6.2.1.tgz",
      "integrity": "sha512-bK67isD+lKq46AU8vNtjvMaT2ZqAOAmNCbxUHlFBRD4k15NWxyEjmaKtZPlgce58So4BNTjITGQOVTjL9y0ECA==",
      "license": "MIT",
      "engines": {
        "node": ">=10.0.0"
      }
    },
    "node_modules/undici": {
      "version": "8.10.2",
      "resolved": "https://registry.npmjs.org/undici/-/undici-8.10.2.tgz",
      "integrity": "sha512-/y4/bH9YNU5hi9NIrpOuvGXFcxrj3CMrV+/AYpowAYTpHn8gX/XPFjNy766FPoYY0miQhdW977JFWKGNhBdwyQ==",
      "license": "MIT",
      "engines": {
        "node": ">=22.19.0"
      }
    }
  }
}
